# This file is autogenerated, do not edit; changes may be undone by the next 'dep ensure'.


[[projects]]
  digest = "1:ffe9824d294da03b391f44e1ae8281281b4afc1bdaa9588c9097785e3af10cec"
  name = "github.com/davecgh/go-spew"
  packages = ["spew"]
  pruneopts = "UT"
  revision = "8991bc29aa16c548c550c7ff78260e27b9ab7c73"
  version = "v1.1.1"

[[projects]]
  digest = "1:f532b531849c30bca5126df7d033bd7af86af81e218e9a096f19cc69d3c2ed85"
  name = "github.com/jinzhu/gorm"
  packages = ["dialects/postgres"]
  pruneopts = "UT"
  revision = "018491a6dd80e7a6d4b6e1ab31bf2f2d6a56d69b"
  version = "v1.9.6"

[[projects]]
  digest = "1:0e06e487551e2f9e0d6967a15c42223354e37c2e9869b301b14a42e4b51ea3e0"
  name = "github.com/lib/pq"
  packages = [
    ".",
    "hstore",
    "oid",
    "scram",
  ]
  pruneopts = "UT"
  revision = "bc6a3c0594130b1e34005880bc600b6d3f49fa7f"
  version = "v1.1.1"

[[projects]]
  digest = "1:0028cb19b2e4c3112225cd871870f2d9cf49b9b4276531f03438a88e94be86fe"
  name = "github.com/pmezard/go-difflib"
  packages = ["difflib"]
  pruneopts = "UT"
  revision = "792786c7400a136282c1664665ae0a8db921c6c2"
  version = "v1.0.0"

[[projects]]
  digest = "1:972c2427413d41a1e06ca4897e8528e5a1622894050e2f527b38ddf0f343f759"
  name = "github.com/stretchr/testify"
  packages = ["assert"]
  pruneopts = "UT"
  revision = "ffdc059bfe9ce6a4e144ba849dbedead332c6053"
  version = "v1.3.0"

[solve-meta]
  analyzer-name = "dep"
  analyzer-version = 1
  input-imports = [
    "github.com/jinzhu/gorm/dialects/postgres",
    "github.com/stretchr/testify/assert",
  ]
  solver-name = "gps-cdcl"
  solver-version = 1
